
Microsoft Visual Studio Solution File, Format Version 12.00
# Visual Studio Version 17
VisualStudioVersion = 17.8.34330.188
MinimumVisualStudioVersion = 10.0.40219.1
Project("{FAE04EC0-301F-11D3-BF4B-00C04F79EFBC}") = "TaskCFT", "TaskCFT\TaskCFT.csproj", "{4206A48E-58F8-42E6-8DA5-77EB2382DE8C}"
EndProject
Global
	GlobalSection(SolutionConfigurationPlatforms) = preSolution
		Debug|Any CPU = Debug|Any CPU
		Release|Any CPU = Release|Any CPU
	EndGlobalSection
	GlobalSection(ProjectConfigurationPlatforms) = postSolution
		{4206A48E-58F8-42E6-8DA5-77EB2382DE8C}.Debug|Any CPU.ActiveCfg = Debug|Any CPU
		{4206A48E-58F8-42E6-8DA5-77EB2382DE8C}.Debug|Any CPU.Build.0 = Debug|Any CPU
		{4206A48E-58F8-42E6-8DA5-77EB2382DE8C}.Release|Any CPU.ActiveCfg = Release|Any CPU
		{4206A48E-58F8-42E6-8DA5-77EB2382DE8C}.Release|Any CPU.Build.0 = Release|Any CPU
	EndGlobalSection
	GlobalSection(SolutionProperties) = preSolution
		HideSolutionNode = FALSE
	EndGlobalSection
	GlobalSection(ExtensibilityGlobals) = postSolution
		SolutionGuid = {24575D8F-B5DF-4342-9B37-435A89A3ACE0}
	EndGlobalSection
EndGlobal
